20210421014157-add-news-articles.ts
20210421132332-add-member.ts
20210425123202-rename-hero-field-on-news-article.ts
20210426182043-add-gallery-to-news-article.ts
20210503211847-add-richtext-youtube.ts
20210504000702-add-site-settings.ts
20210504002713-create-site-setting-entry.ts
20210504013808-add-page-content-model.ts
20210514135712-add-newsletter-sign-up-to-site-settings.ts
20210514145540-add-affiliates.ts
20210514155240-add-fields-to-pages.ts
20210517012438-add-homepage.ts
20210518142208-add-forms.ts
20210521172624-add-image-to-pages.ts
20210528173409-rich-text-members.ts
20210530233311-add-menu-to-site-settings.ts
20210530233559-remove-image-from-page.ts
20210530234322-add-short-name-to-pages.ts
20210531014706-add-citymapper-links.ts
20210718223713-add-hr-to-rich-text.ts
20210809161432-add-richtext-table.ts
20210824141059-add-google-drive.ts
